PODS:
  - Alamofire (4.5.0)
  - GoogleAnalytics (3.17.0)
  - SwiftyJSON (3.1.4)

DEPENDENCIES:
  - Alamofire (~> 4.4)
  - GoogleAnalytics
  - SwiftyJSON (~> 3.1)

SPEC CHECKSUMS:
  Alamofire: f28cdffd29de33a7bfa022cbd63ae95a27fae140
  GoogleAnalytics: f42cc53a87a51fe94334821868d9c8481ff47a7b
  SwiftyJSON: c2842d878f95482ffceec5709abc3d05680c0220

PODFILE CHECKSUM: 19c783432e2022660d91e6813a7453d3ede080f0

COCOAPODS: 1.2.1
